// !$*UTF8*$!
{
	archiveVersion = 1;
	classes = {
	};
	objectVersion = 56;
	objects = {

/* Begin PBXBuildFile section */
		5D1009472A0918A800C2C544 /* MeetPeapleSampleApp.swift in Sources */ = {isa = PBXBuildFile; fileRef = 5D1009462A0918A800C2C544 /* MeetPeapleSampleApp.swift */; };
		5D1009492A0918A800C2C544 /* ContentView.swift in Sources */ = {isa = PBXBuildFile; fileRef = 5D1009482A0918A800C2C544 /* ContentView.swift */; };
		5D10094B2A0918AA00C2C544 /* Assets.xcassets in Resources */ = {isa = PBXBuildFile; fileRef = 5D10094A2A0918AA00C2C544 /* Assets.xcassets */; };
		5D10094E2A0918AA00C2C544 /* Preview Assets.xcassets in Resources */ = {isa = PBXBuildFile; fileRef = 5D10094D2A0918AA00C2C544 /* Preview Assets.xcassets */; };
		5D1009582A0918AA00C2C544 /* MeetPeapleSampleTests.swift in Sources */ = {isa = PBXBuildFile; fileRef = 5D1009572A0918AA00C2C544 /* MeetPeapleSampleTests.swift */; };
		5D1009622A0918AA00C2C544 /* MeetPeapleSampleUITests.swift in Sources */ = {isa = PBXBuildFile; fileRef = 5D1009612A0918AA00C2C544 /* MeetPeapleSampleUITests.swift */; };
		5D1009642A0918AA00C2C544 /* MeetPeapleSampleUITestsLaunchTests.swift in Sources */ = {isa = PBXBuildFile; fileRef = 5D1009632A0918AA00C2C544 /* MeetPeapleSampleUITestsLaunchTests.swift */; };
		5D1009752A0919D500C2C544 /* MainTabView.swift in Sources */ = {isa = PBXBuildFile; fileRef = 5D1009742A0919D500C2C544 /* MainTabView.swift */; };
		5D1009772A091A2700C2C544 /* HomeView.swift in Sources */ = {isa = PBXBuildFile; fileRef = 5D1009762A091A2700C2C544 /* HomeView.swift */; };
		5D10097B2A091A5800C2C544 /* MyPageView.swift in Sources */ = {isa = PBXBuildFile; fileRef = 5D10097A2A091A5800C2C544 /* MyPageView.swift */; };
		5D10097F2A091A8400C2C544 /* MessageTabView.swift in Sources */ = {isa = PBXBuildFile; fileRef = 5D10097E2A091A8400C2C544 /* MessageTabView.swift */; };
		5D1009842A091AB100C2C544 /* InstantCallView.swift in Sources */ = {isa = PBXBuildFile; fileRef = 5D1009832A091AB100C2C544 /* InstantCallView.swift */; };
		5D1009872A091ACC00C2C544 /* BoardView.swift in Sources */ = {isa = PBXBuildFile; fileRef = 5D1009862A091ACC00C2C544 /* BoardView.swift */; };
		5D10098B2A0931A400C2C544 /* OtherUserProfileView.swift in Sources */ = {isa = PBXBuildFile; fileRef = 5D10098A2A0931A400C2C544 /* OtherUserProfileView.swift */; };
		5D2642182A997C8F00753953 /* HomeViewModel.swift in Sources */ = {isa = PBXBuildFile; fileRef = 5D2642172A997C8F00753953 /* HomeViewModel.swift */; };
		5D2642532AA5F4F000753953 /* Shimmer in Frameworks */ = {isa = PBXBuildFile; productRef = 5D2642522AA5F4F000753953 /* Shimmer */; };
		5D2642562AAC9A5300753953 /* CalenderViewModel.swift in Sources */ = {isa = PBXBuildFile; fileRef = 5D2642552AAC9A5300753953 /* CalenderViewModel.swift */; };
		5D2642582AAC9A6D00753953 /* CalenderView.swift in Sources */ = {isa = PBXBuildFile; fileRef = 5D2642572AAC9A6D00753953 /* CalenderView.swift */; };
		5D26425B2AAF352000753953 /* WithdrwledView.swift in Sources */ = {isa = PBXBuildFile; fileRef = 5D26425A2AAF352000753953 /* WithdrwledView.swift */; };
		5D26425E2AAF3A6000753953 /* InVoiceCallView.swift in Sources */ = {isa = PBXBuildFile; fileRef = 5D26425D2AAF3A6000753953 /* InVoiceCallView.swift */; };
		5D2642602AAF5EC700753953 /* InVoiceCallViewModel.swift in Sources */ = {isa = PBXBuildFile; fileRef = 5D26425F2AAF5EC700753953 /* InVoiceCallViewModel.swift */; };
		5DAEB6A62A09A7CA0089E96F /* SearchView.swift in Sources */ = {isa = PBXBuildFile; fileRef = 5DAEB6A52A09A7CA0089E96F /* SearchView.swift */; };
		5DAEB6AA2A0A7FB20089E96F /* NotificationView.swift in Sources */ = {isa = PBXBuildFile; fileRef = 5DAEB6A92A0A7FB20089E96F /* NotificationView.swift */; };
		5DAEB6AE2A0A846A0089E96F /* PartnerImageView.swift in Sources */ = {isa = PBXBuildFile; fileRef = 5DAEB6AD2A0A846A0089E96F /* PartnerImageView.swift */; };
		5DAEB6B22A0BBAD40089E96F /* DirectMessageView.swift in Sources */ = {isa = PBXBuildFile; fileRef = 5DAEB6B12A0BBAD40089E96F /* DirectMessageView.swift */; };
		5DAEB6C42A0D01CE0089E96F /* RankingView.swift in Sources */ = {isa = PBXBuildFile; fileRef = 5DAEB6C32A0D01CE0089E96F /* RankingView.swift */; };
		5DAEB6C62A0D01E50089E96F /* FootprintView.swift in Sources */ = {isa = PBXBuildFile; fileRef = 5DAEB6C52A0D01E50089E96F /* FootprintView.swift */; };
		5DAEB6C82A0D02000089E96F /* SettingView.swift in Sources */ = {isa = PBXBuildFile; fileRef = 5DAEB6C72A0D02000089E96F /* SettingView.swift */; };
		5DAEB6CA2A0D020A0089E96F /* GoodView.swift in Sources */ = {isa = PBXBuildFile; fileRef = 5DAEB6C92A0D020A0089E96F /* GoodView.swift */; };
		5DAEB6CC2A0D02140089E96F /* FavoliteView.swift in Sources */ = {isa = PBXBuildFile; fileRef = 5DAEB6CB2A0D02140089E96F /* FavoliteView.swift */; };
		5DAEB6CE2A0D021F0089E96F /* DailyBounaceView.swift in Sources */ = {isa = PBXBuildFile; fileRef = 5DAEB6CD2A0D021F0089E96F /* DailyBounaceView.swift */; };
		5DAEB6D02A0D02290089E96F /* GallaryView.swift in Sources */ = {isa = PBXBuildFile; fileRef = 5DAEB6CF2A0D02290089E96F /* GallaryView.swift */; };
		5DAEB6D22A0D02360089E96F /* CallHistoryView.swift in Sources */ = {isa = PBXBuildFile; fileRef = 5DAEB6D12A0D02360089E96F /* CallHistoryView.swift */; };
/* End PBXBuildFile section */

/* Begin PBXContainerItemProxy section */
		5D1009542A0918AA00C2C544 /* PBXContainerItemProxy */ = {
			isa = PBXContainerItemProxy;
			containerPortal = 5D10093B2A0918A800C2C544 /* Project object */;
			proxyType = 1;
			remoteGlobalIDString = 5D1009422A0918A800C2C544;
			remoteInfo = MeetPeapleSample;
		};
		5D10095E2A0918AA00C2C544 /* PBXContainerItemProxy */ = {
			isa = PBXContainerItemProxy;
			containerPortal = 5D10093B2A0918A800C2C544 /* Project object */;
			proxyType = 1;
			remoteGlobalIDString = 5D1009422A0918A800C2C544;
			remoteInfo = MeetPeapleSample;
		};
/* End PBXContainerItemProxy section */

/* Begin PBXFileReference section */
		5D1009432A0918A800C2C544 /* MeetPeapleSample.app */ = {isa = PBXFileReference; explicitFileType = wrapper.application; includeInIndex = 0; path = MeetPeapleSample.app; sourceTree = BUILT_PRODUCTS_DIR; };
		5D1009462A0918A800C2C544 /* MeetPeapleSampleApp.swift */ = {isa = PBXFileReference; lastKnownFileType = sourcecode.swift; path = MeetPeapleSampleApp.swift; sourceTree = "<group>"; };
		5D1009482A0918A800C2C544 /* ContentView.swift */ = {isa = PBXFileReference; lastKnownFileType = sourcecode.swift; path = ContentView.swift; sourceTree = "<group>"; };
		5D10094A2A0918AA00C2C544 /* Assets.xcassets */ = {isa = PBXFileReference; lastKnownFileType = folder.assetcatalog; path = Assets.xcassets; sourceTree = "<group>"; };
		5D10094D2A0918AA00C2C544 /* Preview Assets.xcassets */ = {isa = PBXFileReference; lastKnownFileType = folder.assetcatalog; path = "Preview Assets.xcassets"; sourceTree = "<group>"; };
		5D1009532A0918AA00C2C544 /* MeetPeapleSampleTests.xctest */ = {isa = PBXFileReference; explicitFileType = wrapper.cfbundle; includeInIndex = 0; path = MeetPeapleSampleTests.xctest; sourceTree = BUILT_PRODUCTS_DIR; };
		5D1009572A0918AA00C2C544 /* MeetPeapleSampleTests.swift */ = {isa = PBXFileReference; lastKnownFileType = sourcecode.swift; path = MeetPeapleSampleTests.swift; sourceTree = "<group>"; };
		5D10095D2A0918AA00C2C544 /* MeetPeapleSampleUITests.xctest */ = {isa = PBXFileReference; explicitFileType = wrapper.cfbundle; includeInIndex = 0; path = MeetPeapleSampleUITests.xctest; sourceTree = BUILT_PRODUCTS_DIR; };
		5D1009612A0918AA00C2C544 /* MeetPeapleSampleUITests.swift */ = {isa = PBXFileReference; lastKnownFileType = sourcecode.swift; path = MeetPeapleSampleUITests.swift; sourceTree = "<group>"; };
		5D1009632A0918AA00C2C544 /* MeetPeapleSampleUITestsLaunchTests.swift */ = {isa = PBXFileReference; lastKnownFileType = sourcecode.swift; path = MeetPeapleSampleUITestsLaunchTests.swift; sourceTree = "<group>"; };
		5D1009742A0919D500C2C544 /* MainTabView.swift */ = {isa = PBXFileReference; lastKnownFileType = sourcecode.swift; path = MainTabView.swift; sourceTree = "<group>"; };
		5D1009762A091A2700C2C544 /* HomeView.swift */ = {isa = PBXFileReference; lastKnownFileType = sourcecode.swift; path = HomeView.swift; sourceTree = "<group>"; };
		5D10097A2A091A5800C2C544 /* MyPageView.swift */ = {isa = PBXFileReference; lastKnownFileType = sourcecode.swift; path = MyPageView.swift; sourceTree = "<group>"; };
		5D10097E2A091A8400C2C544 /* MessageTabView.swift */ = {isa = PBXFileReference; lastKnownFileType = sourcecode.swift; path = MessageTabView.swift; sourceTree = "<group>"; };
		5D1009832A091AB100C2C544 /* InstantCallView.swift */ = {isa = PBXFileReference; lastKnownFileType = sourcecode.swift; path = InstantCallView.swift; sourceTree = "<group>"; };
		5D1009862A091ACC00C2C544 /* BoardView.swift */ = {isa = PBXFileReference; lastKnownFileType = sourcecode.swift; path = BoardView.swift; sourceTree = "<group>"; };
		5D10098A2A0931A400C2C544 /* OtherUserProfileView.swift */ = {isa = PBXFileReference; lastKnownFileType = sourcecode.swift; path = OtherUserProfileView.swift; sourceTree = "<group>"; };
		5D2642172A997C8F00753953 /* HomeViewModel.swift */ = {isa = PBXFileReference; lastKnownFileType = sourcecode.swift; path = HomeViewModel.swift; sourceTree = "<group>"; };
		5D2642552AAC9A5300753953 /* CalenderViewModel.swift */ = {isa = PBXFileReference; lastKnownFileType = sourcecode.swift; path = CalenderViewModel.swift; sourceTree = "<group>"; };
		5D2642572AAC9A6D00753953 /* CalenderView.swift */ = {isa = PBXFileReference; lastKnownFileType = sourcecode.swift; path = CalenderView.swift; sourceTree = "<group>"; };
		5D26425A2AAF352000753953 /* WithdrwledView.swift */ = {isa = PBXFileReference; lastKnownFileType = sourcecode.swift; path = WithdrwledView.swift; sourceTree = "<group>"; };
		5D26425D2AAF3A6000753953 /* InVoiceCallView.swift */ = {isa = PBXFileReference; lastKnownFileType = sourcecode.swift; path = InVoiceCallView.swift; sourceTree = "<group>"; };
		5D26425F2AAF5EC700753953 /* InVoiceCallViewModel.swift */ = {isa = PBXFileReference; lastKnownFileType = sourcecode.swift; path = InVoiceCallViewModel.swift; sourceTree = "<group>"; };
		5DAEB6A52A09A7CA0089E96F /* SearchView.swift */ = {isa = PBXFileReference; lastKnownFileType = sourcecode.swift; path = SearchView.swift; sourceTree = "<group>"; };
		5DAEB6A92A0A7FB20089E96F /* NotificationView.swift */ = {isa = PBXFileReference; lastKnownFileType = sourcecode.swift; path = NotificationView.swift; sourceTree = "<group>"; };
		5DAEB6AD2A0A846A0089E96F /* PartnerImageView.swift */ = {isa = PBXFileReference; lastKnownFileType = sourcecode.swift; path = PartnerImageView.swift; sourceTree = "<group>"; };
		5DAEB6B12A0BBAD40089E96F /* DirectMessageView.swift */ = {isa = PBXFileReference; lastKnownFileType = sourcecode.swift; path = DirectMessageView.swift; sourceTree = "<group>"; };
		5DAEB6C32A0D01CE0089E96F /* RankingView.swift */ = {isa = PBXFileReference; lastKnownFileType = sourcecode.swift; path = RankingView.swift; sourceTree = "<group>"; };
		5DAEB6C52A0D01E50089E96F /* FootprintView.swift */ = {isa = PBXFileReference; lastKnownFileType = sourcecode.swift; path = FootprintView.swift; sourceTree = "<group>"; };
		5DAEB6C72A0D02000089E96F /* SettingView.swift */ = {isa = PBXFileReference; lastKnownFileType = sourcecode.swift; path = SettingView.swift; sourceTree = "<group>"; };
		5DAEB6C92A0D020A0089E96F /* GoodView.swift */ = {isa = PBXFileReference; lastKnownFileType = sourcecode.swift; path = GoodView.swift; sourceTree = "<group>"; };
		5DAEB6CB2A0D02140089E96F /* FavoliteView.swift */ = {isa = PBXFileReference; lastKnownFileType = sourcecode.swift; path = FavoliteView.swift; sourceTree = "<group>"; };
		5DAEB6CD2A0D021F0089E96F /* DailyBounaceView.swift */ = {isa = PBXFileReference; lastKnownFileType = sourcecode.swift; path = DailyBounaceView.swift; sourceTree = "<group>"; };
		5DAEB6CF2A0D02290089E96F /* GallaryView.swift */ = {isa = PBXFileReference; lastKnownFileType = sourcecode.swift; path = GallaryView.swift; sourceTree = "<group>"; };
		5DAEB6D12A0D02360089E96F /* CallHistoryView.swift */ = {isa = PBXFileReference; lastKnownFileType = sourcecode.swift; path = CallHistoryView.swift; sourceTree = "<group>"; };
/* End PBXFileReference section */

/* Begin PBXFrameworksBuildPhase section */
		5D1009402A0918A800C2C544 /* Frameworks */ = {
			isa = PBXFrameworksBuildPhase;
			buildActionMask = 2147483647;
			files = (
				5D2642532AA5F4F000753953 /* Shimmer in Frameworks */,
			);
			runOnlyForDeploymentPostprocessing = 0;
		};
		5D1009502A0918AA00C2C544 /* Frameworks */ = {
			isa = PBXFrameworksBuildPhase;
			buildActionMask = 2147483647;
			files = (
			);
			runOnlyForDeploymentPostprocessing = 0;
		};
		5D10095A2A0918AA00C2C544 /* Frameworks */ = {
			isa = PBXFrameworksBuildPhase;
			buildActionMask = 2147483647;
			files = (
			);
			runOnlyForDeploymentPostprocessing = 0;
		};
/* End PBXFrameworksBuildPhase section */

/* Begin PBXGroup section */
		5D10093A2A0918A800C2C544 = {
			isa = PBXGroup;
			children = (
				5D1009452A0918A800C2C544 /* MeetPeapleSample */,
				5D1009562A0918AA00C2C544 /* MeetPeapleSampleTests */,
				5D1009602A0918AA00C2C544 /* MeetPeapleSampleUITests */,
				5D1009442A0918A800C2C544 /* Products */,
			);
			sourceTree = "<group>";
		};
		5D1009442A0918A800C2C544 /* Products */ = {
			isa = PBXGroup;
			children = (
				5D1009432A0918A800C2C544 /* MeetPeapleSample.app */,
				5D1009532A0918AA00C2C544 /* MeetPeapleSampleTests.xctest */,
				5D10095D2A0918AA00C2C544 /* MeetPeapleSampleUITests.xctest */,
			);
			name = Products;
			sourceTree = "<group>";
		};
		5D1009452A0918A800C2C544 /* MeetPeapleSample */ = {
			isa = PBXGroup;
			children = (
				5D1009702A09198C00C2C544 /* Presentation */,
				5D1009462A0918A800C2C544 /* MeetPeapleSampleApp.swift */,
				5D1009482A0918A800C2C544 /* ContentView.swift */,
				5D10094A2A0918AA00C2C544 /* Assets.xcassets */,
				5D10094C2A0918AA00C2C544 /* Preview Content */,
			);
			path = MeetPeapleSample;
			sourceTree = "<group>";
		};
		5D10094C2A0918AA00C2C544 /* Preview Content */ = {
			isa = PBXGroup;
			children = (
				5D10094D2A0918AA00C2C544 /* Preview Assets.xcassets */,
			);
			path = "Preview Content";
			sourceTree = "<group>";
		};
		5D1009562A0918AA00C2C544 /* MeetPeapleSampleTests */ = {
			isa = PBXGroup;
			children = (
				5D1009572A0918AA00C2C544 /* MeetPeapleSampleTests.swift */,
			);
			path = MeetPeapleSampleTests;
			sourceTree = "<group>";
		};
		5D1009602A0918AA00C2C544 /* MeetPeapleSampleUITests */ = {
			isa = PBXGroup;
			children = (
				5D1009612A0918AA00C2C544 /* MeetPeapleSampleUITests.swift */,
				5D1009632A0918AA00C2C544 /* MeetPeapleSampleUITestsLaunchTests.swift */,
			);
			path = MeetPeapleSampleUITests;
			sourceTree = "<group>";
		};
		5D1009702A09198C00C2C544 /* Presentation */ = {
			isa = PBXGroup;
			children = (
				5D26425C2AAF3A4900753953 /* InVoiceCall */,
				5D2642592AAF350600753953 /* Withdrwled */,
				5D2642542AAC9A3900753953 /* Calender */,
				5DAEB6BA2A0D018F0089E96F /* CallHistory */,
				5DAEB6B92A0D01860089E96F /* Gallary */,
				5DAEB6B82A0D017E0089E96F /* DailyBounace */,
				5DAEB6B72A0D01760089E96F /* Favolite */,
				5DAEB6B62A0D016D0089E96F /* Good */,
				5DAEB6B52A0D01650089E96F /* Setting */,
				5DAEB6B42A0D015D0089E96F /* Footprint */,
				5DAEB6B32A0D01530089E96F /* Ranking */,
				5DAEB6AF2A0BBABA0089E96F /* DirectMessage */,
				5DAEB6AB2A0A843D0089E96F /* PartnerImage */,
				5DAEB6A72A0A7F960089E96F /* Notification */,
				5DAEB6A32A09A7AE0089E96F /* Search */,
				5D1009882A09318A00C2C544 /* OtherUserProfile */,
				5D1009812A091A9700C2C544 /* Board */,
				5D1009802A091A8A00C2C544 /* InstantCall */,
				5D10097C2A091A6200C2C544 /* MessageTab */,
				5D1009782A091A4200C2C544 /* MyPage */,
				5D1009722A0919AA00C2C544 /* Home */,
				5D1009712A0919A300C2C544 /* MainTab */,
			);
			path = Presentation;
			sourceTree = "<group>";
		};
		5D1009712A0919A300C2C544 /* MainTab */ = {
			isa = PBXGroup;
			children = (
				5D1009742A0919D500C2C544 /* MainTabView.swift */,
			);
			path = MainTab;
			sourceTree = "<group>";
		};
		5D1009722A0919AA00C2C544 /* Home */ = {
			isa = PBXGroup;
			children = (
				5D2642162A997C8100753953 /* ViewModel */,
				5D1009732A0919B300C2C544 /* View */,
			);
			path = Home;
			sourceTree = "<group>";
		};
		5D1009732A0919B300C2C544 /* View */ = {
			isa = PBXGroup;
			children = (
				5D1009762A091A2700C2C544 /* HomeView.swift */,
			);
			path = View;
			sourceTree = "<group>";
		};
		5D1009782A091A4200C2C544 /* MyPage */ = {
			isa = PBXGroup;
			children = (
				5D1009792A091A4E00C2C544 /* View */,
			);
			path = MyPage;
			sourceTree = "<group>";
		};
		5D1009792A091A4E00C2C544 /* View */ = {
			isa = PBXGroup;
			children = (
				5D10097A2A091A5800C2C544 /* MyPageView.swift */,
			);
			path = View;
			sourceTree = "<group>";
		};
		5D10097C2A091A6200C2C544 /* MessageTab */ = {
			isa = PBXGroup;
			children = (
				5D10097D2A091A7300C2C544 /* View */,
			);
			path = MessageTab;
			sourceTree = "<group>";
		};
		5D10097D2A091A7300C2C544 /* View */ = {
			isa = PBXGroup;
			children = (
				5D10097E2A091A8400C2C544 /* MessageTabView.swift */,
			);
			path = View;
			sourceTree = "<group>";
		};
		5D1009802A091A8A00C2C544 /* InstantCall */ = {
			isa = PBXGroup;
			children = (
				5D1009822A091AA100C2C544 /* View */,
			);
			path = InstantCall;
			sourceTree = "<group>";
		};
		5D1009812A091A9700C2C544 /* Board */ = {
			isa = PBXGroup;
			children = (
				5D1009852A091AC000C2C544 /* View */,
			);
			path = Board;
			sourceTree = "<group>";
		};
		5D1009822A091AA100C2C544 /* View */ = {
			isa = PBXGroup;
			children = (
				5D1009832A091AB100C2C544 /* InstantCallView.swift */,
			);
			path = View;
			sourceTree = "<group>";
		};
		5D1009852A091AC000C2C544 /* View */ = {
			isa = PBXGroup;
			children = (
				5D1009862A091ACC00C2C544 /* BoardView.swift */,
			);
			path = View;
			sourceTree = "<group>";
		};
		5D1009882A09318A00C2C544 /* OtherUserProfile */ = {
			isa = PBXGroup;
			children = (
				5D1009892A09319900C2C544 /* View */,
			);
			path = OtherUserProfile;
			sourceTree = "<group>";
		};
		5D1009892A09319900C2C544 /* View */ = {
			isa = PBXGroup;
			children = (
				5D10098A2A0931A400C2C544 /* OtherUserProfileView.swift */,
			);
			path = View;
			sourceTree = "<group>";
		};
		5D2642162A997C8100753953 /* ViewModel */ = {
			isa = PBXGroup;
			children = (
				5D2642172A997C8F00753953 /* HomeViewModel.swift */,
			);
			path = ViewModel;
			sourceTree = "<group>";
		};
		5D2642542AAC9A3900753953 /* Calender */ = {
			isa = PBXGroup;
			children = (
				5D2642552AAC9A5300753953 /* CalenderViewModel.swift */,
				5D2642572AAC9A6D00753953 /* CalenderView.swift */,
			);
			path = Calender;
			sourceTree = "<group>";
		};
		5D2642592AAF350600753953 /* Withdrwled */ = {
			isa = PBXGroup;
			children = (
				5D26425A2AAF352000753953 /* WithdrwledView.swift */,
			);
			path = Withdrwled;
			sourceTree = "<group>";
		};
		5D26425C2AAF3A4900753953 /* InVoiceCall */ = {
			isa = PBXGroup;
			children = (
				5D26425D2AAF3A6000753953 /* InVoiceCallView.swift */,
				5D26425F2AAF5EC700753953 /* InVoiceCallViewModel.swift */,
			);
			path = InVoiceCall;
			sourceTree = "<group>";
		};
		5DAEB6A32A09A7AE0089E96F /* Search */ = {
			isa = PBXGroup;
			children = (
				5DAEB6A42A09A7BC0089E96F /* View */,
			);
			path = Search;
			sourceTree = "<group>";
		};
		5DAEB6A42A09A7BC0089E96F /* View */ = {
			isa = PBXGroup;
			children = (
				5DAEB6A52A09A7CA0089E96F /* SearchView.swift */,
			);
			path = View;
			sourceTree = "<group>";
		};
		5DAEB6A72A0A7F960089E96F /* Notification */ = {
			isa = PBXGroup;
			children = (
				5DAEB6A82A0A7FA60089E96F /* View */,
			);
			path = Notification;
			sourceTree = "<group>";
		};
		5DAEB6A82A0A7FA60089E96F /* View */ = {
			isa = PBXGroup;
			children = (
				5DAEB6A92A0A7FB20089E96F /* NotificationView.swift */,
			);
			path = View;
			sourceTree = "<group>";
		};
		5DAEB6AB2A0A843D0089E96F /* PartnerImage */ = {
			isa = PBXGroup;
			children = (
				5DAEB6AC2A0A84600089E96F /* View */,
			);
			path = PartnerImage;
			sourceTree = "<group>";
		};
		5DAEB6AC2A0A84600089E96F /* View */ = {
			isa = PBXGroup;
			children = (
				5DAEB6AD2A0A846A0089E96F /* PartnerImageView.swift */,
			);
			path = View;
			sourceTree = "<group>";
		};
		5DAEB6AF2A0BBABA0089E96F /* DirectMessage */ = {
			isa = PBXGroup;
			children = (
				5DAEB6B02A0BBAC50089E96F /* View */,
			);
			path = DirectMessage;
			sourceTree = "<group>";
		};
		5DAEB6B02A0BBAC50089E96F /* View */ = {
			isa = PBXGroup;
			children = (
				5DAEB6B12A0BBAD40089E96F /* DirectMessageView.swift */,
			);
			path = View;
			sourceTree = "<group>";
		};
		5DAEB6B32A0D01530089E96F /* Ranking */ = {
			isa = PBXGroup;
			children = (
				5DAEB6C22A0D01C20089E96F /* View */,
			);
			path = Ranking;
			sourceTree = "<group>";
		};
		5DAEB6B42A0D015D0089E96F /* Footprint */ = {
			isa = PBXGroup;
			children = (
				5DAEB6C12A0D01BE0089E96F /* View */,
			);
			path = Footprint;
			sourceTree = "<group>";
		};
		5DAEB6B52A0D01650089E96F /* Setting */ = {
			isa = PBXGroup;
			children = (
				5DAEB6C02A0D01BA0089E96F /* View */,
			);
			path = Setting;
			sourceTree = "<group>";
		};
		5DAEB6B62A0D016D0089E96F /* Good */ = {
			isa = PBXGroup;
			children = (
				5DAEB6BF2A0D01B60089E96F /* View */,
			);
			path = Good;
			sourceTree = "<group>";
		};
		5DAEB6B72A0D01760089E96F /* Favolite */ = {
			isa = PBXGroup;
			children = (
				5DAEB6BE2A0D01B20089E96F /* View */,
			);
			path = Favolite;
			sourceTree = "<group>";
		};
		5DAEB6B82A0D017E0089E96F /* DailyBounace */ = {
			isa = PBXGroup;
			children = (
				5DAEB6BD2A0D01AE0089E96F /* View */,
			);
			path = DailyBounace;
			sourceTree = "<group>";
		};
		5DAEB6B92A0D01860089E96F /* Gallary */ = {
			isa = PBXGroup;
			children = (
				5DAEB6BC2A0D01A90089E96F /* View */,
			);
			path = Gallary;
			sourceTree = "<group>";
		};
		5DAEB6BA2A0D018F0089E96F /* CallHistory */ = {
			isa = PBXGroup;
			children = (
				5DAEB6BB2A0D01A00089E96F /* View */,
			);
			path = CallHistory;
			sourceTree = "<group>";
		};
		5DAEB6BB2A0D01A00089E96F /* View */ = {
			isa = PBXGroup;
			children = (
				5DAEB6D12A0D02360089E96F /* CallHistoryView.swift */,
			);
			path = View;
			sourceTree = "<group>";
		};
		5DAEB6BC2A0D01A90089E96F /* View */ = {
			isa = PBXGroup;
			children = (
				5DAEB6CF2A0D02290089E96F /* GallaryView.swift */,
			);
			path = View;
			sourceTree = "<group>";
		};
		5DAEB6BD2A0D01AE0089E96F /* View */ = {
			isa = PBXGroup;
			children = (
				5DAEB6CD2A0D021F0089E96F /* DailyBounaceView.swift */,
			);
			path = View;
			sourceTree = "<group>";
		};
		5DAEB6BE2A0D01B20089E96F /* View */ = {
			isa = PBXGroup;
			children = (
				5DAEB6CB2A0D02140089E96F /* FavoliteView.swift */,
			);
			path = View;
			sourceTree = "<group>";
		};
		5DAEB6BF2A0D01B60089E96F /* View */ = {
			isa = PBXGroup;
			children = (
				5DAEB6C92A0D020A0089E96F /* GoodView.swift */,
			);
			path = View;
			sourceTree = "<group>";
		};
		5DAEB6C02A0D01BA0089E96F /* View */ = {
			isa = PBXGroup;
			children = (
				5DAEB6C72A0D02000089E96F /* SettingView.swift */,
			);
			path = View;
			sourceTree = "<group>";
		};
		5DAEB6C12A0D01BE0089E96F /* View */ = {
			isa = PBXGroup;
			children = (
				5DAEB6C52A0D01E50089E96F /* FootprintView.swift */,
			);
			path = View;
			sourceTree = "<group>";
		};
		5DAEB6C22A0D01C20089E96F /* View */ = {
			isa = PBXGroup;
			children = (
				5DAEB6C32A0D01CE0089E96F /* RankingView.swift */,
			);
			path = View;
			sourceTree = "<group>";
		};
/* End PBXGroup section */

/* Begin PBXNativeTarget section */
		5D1009422A0918A800C2C544 /* MeetPeapleSample */ = {
			isa = PBXNativeTarget;
			buildConfigurationList = 5D1009672A0918AA00C2C544 /* Build configuration list for PBXNativeTarget "MeetPeapleSample" */;
			buildPhases = (
				5D10093F2A0918A800C2C544 /* Sources */,
				5D1009402A0918A800C2C544 /* Frameworks */,
				5D1009412A0918A800C2C544 /* Resources */,
			);
			buildRules = (
			);
			dependencies = (
			);
			name = MeetPeapleSample;
			packageProductDependencies = (
				5D2642522AA5F4F000753953 /* Shimmer */,
			);
			productName = MeetPeapleSample;
			productReference = 5D1009432A0918A800C2C544 /* MeetPeapleSample.app */;
			productType = "com.apple.product-type.application";
		};
		5D1009522A0918AA00C2C544 /* MeetPeapleSampleTests */ = {
			isa = PBXNativeTarget;
			buildConfigurationList = 5D10096A2A0918AA00C2C544 /* Build configuration list for PBXNativeTarget "MeetPeapleSampleTests" */;
			buildPhases = (
				5D10094F2A0918AA00C2C544 /* Sources */,
				5D1009502A0918AA00C2C544 /* Frameworks */,
				5D1009512A0918AA00C2C544 /* Resources */,
			);
			buildRules = (
			);
			dependencies = (
				5D1009552A0918AA00C2C544 /* PBXTargetDependency */,
			);
			name = MeetPeapleSampleTests;
			productName = MeetPeapleSampleTests;
			productReference = 5D1009532A0918AA00C2C544 /* MeetPeapleSampleTests.xctest */;
			productType = "com.apple.product-type.bundle.unit-test";
		};
		5D10095C2A0918AA00C2C544 /* MeetPeapleSampleUITests */ = {
			isa = PBXNativeTarget;
			buildConfigurationList = 5D10096D2A0918AA00C2C544 /* Build configuration list for PBXNativeTarget "MeetPeapleSampleUITests" */;
			buildPhases = (
				5D1009592A0918AA00C2C544 /* Sources */,
				5D10095A2A0918AA00C2C544 /* Frameworks */,
				5D10095B2A0918AA00C2C544 /* Resources */,
			);
			buildRules = (
			);
			dependencies = (
				5D10095F2A0918AA00C2C544 /* PBXTargetDependency */,
			);
			name = MeetPeapleSampleUITests;
			productName = MeetPeapleSampleUITests;
			productReference = 5D10095D2A0918AA00C2C544 /* MeetPeapleSampleUITests.xctest */;
			productType = "com.apple.product-type.bundle.ui-testing";
		};
/* End PBXNativeTarget section */

/* Begin PBXProject section */
		5D10093B2A0918A800C2C544 /* Project object */ = {
			isa = PBXProject;
			attributes = {
				BuildIndependentTargetsInParallel = 1;
				LastSwiftUpdateCheck = 1400;
				LastUpgradeCheck = 1400;
				TargetAttributes = {
					5D1009422A0918A800C2C544 = {
						CreatedOnToolsVersion = 14.0;
					};
					5D1009522A0918AA00C2C544 = {
						CreatedOnToolsVersion = 14.0;
						TestTargetID = 5D1009422A0918A800C2C544;
					};
					5D10095C2A0918AA00C2C544 = {
						CreatedOnToolsVersion = 14.0;
						TestTargetID = 5D1009422A0918A800C2C544;
					};
				};
			};
			buildConfigurationList = 5D10093E2A0918A800C2C544 /* Build configuration list for PBXProject "MeetPeapleSample" */;
			compatibilityVersion = "Xcode 14.0";
			developmentRegion = en;
			hasScannedForEncodings = 0;
			knownRegions = (
				en,
				Base,
			);
			mainGroup = 5D10093A2A0918A800C2C544;
			packageReferences = (
				5D2642512AA5F4F000753953 /* XCRemoteSwiftPackageReference "SwiftUI-Shimmer" */,
			);
			productRefGroup = 5D1009442A0918A800C2C544 /* Products */;
			projectDirPath = "";
			projectRoot = "";
			targets = (
				5D1009422A0918A800C2C544 /* MeetPeapleSample */,
				5D1009522A0918AA00C2C544 /* MeetPeapleSampleTests */,
				5D10095C2A0918AA00C2C544 /* MeetPeapleSampleUITests */,
			);
		};
/* End PBXProject section */

/* Begin PBXResourcesBuildPhase section */
		5D1009412A0918A800C2C544 /* Resources */ = {
			isa = PBXResourcesBuildPhase;
			buildActionMask = 2147483647;
			files = (
				5D10094E2A0918AA00C2C544 /* Preview Assets.xcassets in Resources */,
				5D10094B2A0918AA00C2C544 /* Assets.xcassets in Resources */,
			);
			runOnlyForDeploymentPostprocessing = 0;
		};
		5D1009512A0918AA00C2C544 /* Resources */ = {
			isa = PBXResourcesBuildPhase;
			buildActionMask = 2147483647;
			files = (
			);
			runOnlyForDeploymentPostprocessing = 0;
		};
		5D10095B2A0918AA00C2C544 /* Resources */ = {
			isa = PBXResourcesBuildPhase;
			buildActionMask = 2147483647;
			files = (
			);
			runOnlyForDeploymentPostprocessing = 0;
		};
/* End PBXResourcesBuildPhase section */

/* Begin PBXSourcesBuildPhase section */
		5D10093F2A0918A800C2C544 /* Sources */ = {
			isa = PBXSourcesBuildPhase;
			buildActionMask = 2147483647;
			files = (
				5DAEB6A62A09A7CA0089E96F /* SearchView.swift in Sources */,
				5D2642562AAC9A5300753953 /* CalenderViewModel.swift in Sources */,
				5D2642182A997C8F00753953 /* HomeViewModel.swift in Sources */,
				5D10097F2A091A8400C2C544 /* MessageTabView.swift in Sources */,
				5DAEB6C62A0D01E50089E96F /* FootprintView.swift in Sources */,
				5D1009492A0918A800C2C544 /* ContentView.swift in Sources */,
				5DAEB6AE2A0A846A0089E96F /* PartnerImageView.swift in Sources */,
				5DAEB6CE2A0D021F0089E96F /* DailyBounaceView.swift in Sources */,
				5DAEB6C82A0D02000089E96F /* SettingView.swift in Sources */,
				5DAEB6CC2A0D02140089E96F /* FavoliteView.swift in Sources */,
				5D26425E2AAF3A6000753953 /* InVoiceCallView.swift in Sources */,
				5DAEB6CA2A0D020A0089E96F /* GoodView.swift in Sources */,
				5DAEB6AA2A0A7FB20089E96F /* NotificationView.swift in Sources */,
				5D1009772A091A2700C2C544 /* HomeView.swift in Sources */,
				5DAEB6D22A0D02360089E96F /* CallHistoryView.swift in Sources */,
				5D2642582AAC9A6D00753953 /* CalenderView.swift in Sources */,
				5DAEB6D02A0D02290089E96F /* GallaryView.swift in Sources */,
				5DAEB6B22A0BBAD40089E96F /* DirectMessageView.swift in Sources */,
				5DAEB6C42A0D01CE0089E96F /* RankingView.swift in Sources */,
				5D10098B2A0931A400C2C544 /* OtherUserProfileView.swift in Sources */,
				5D10097B2A091A5800C2C544 /* MyPageView.swift in Sources */,
				5D1009472A0918A800C2C544 /* MeetPeapleSampleApp.swift in Sources */,
				5D1009872A091ACC00C2C544 /* BoardView.swift in Sources */,
				5D2642602AAF5EC700753953 /* InVoiceCallViewModel.swift in Sources */,
				5D26425B2AAF352000753953 /* WithdrwledView.swift in Sources */,
				5D1009752A0919D500C2C544 /* MainTabView.swift in Sources */,
				5D1009842A091AB100C2C544 /* InstantCallView.swift in Sources */,
			);
			runOnlyForDeploymentPostprocessing = 0;
		};
		5D10094F2A0918AA00C2C544 /* Sources */ = {
			isa = PBXSourcesBuildPhase;
			buildActionMask = 2147483647;
			files = (
				5D1009582A0918AA00C2C544 /* MeetPeapleSampleTests.swift in Sources */,
			);
			runOnlyForDeploymentPostprocessing = 0;
		};
		5D1009592A0918AA00C2C544 /* Sources */ = {
			isa = PBXSourcesBuildPhase;
			buildActionMask = 2147483647;
			files = (
				5D1009642A0918AA00C2C544 /* MeetPeapleSampleUITestsLaunchTests.swift in Sources */,
				5D1009622A0918AA00C2C544 /* MeetPeapleSampleUITests.swift in Sources */,
			);
			runOnlyForDeploymentPostprocessing = 0;
		};
/* End PBXSourcesBuildPhase section */

/* Begin PBXTargetDependency section */
		5D1009552A0918AA00C2C544 /* PBXTargetDependency */ = {
			isa = PBXTargetDependency;
			target = 5D1009422A0918A800C2C544 /* MeetPeapleSample */;
			targetProxy = 5D1009542A0918AA00C2C544 /* PBXContainerItemProxy */;
		};
		5D10095F2A0918AA00C2C544 /* PBXTargetDependency */ = {
			isa = PBXTargetDependency;
			target = 5D1009422A0918A800C2C544 /* MeetPeapleSample */;
			targetProxy = 5D10095E2A0918AA00C2C544 /* PBXContainerItemProxy */;
		};
/* End PBXTargetDependency section */

/* Begin XCBuildConfiguration section */
		5D1009652A0918AA00C2C544 /* Debug */ = {
			isa = XCBuildConfiguration;
			buildSettings = {
				ALWAYS_SEARCH_USER_PATHS = NO;
				CLANG_ANALYZER_NONNULL = YES;
				CLANG_ANALYZER_NUMBER_OBJECT_CONVERSION = YES_AGGRESSIVE;
				CLANG_CXX_LANGUAGE_STANDARD = "gnu++20";
				CLANG_ENABLE_MODULES = YES;
				CLANG_ENABLE_OBJC_ARC = YES;
				CLANG_ENABLE_OBJC_WEAK = YES;
				CLANG_WARN_BLOCK_CAPTURE_AUTORELEASING = YES;
				CLANG_WARN_BOOL_CONVERSION = YES;
				CLANG_WARN_COMMA = YES;
				CLANG_WARN_CONSTANT_CONVERSION = YES;
				CLANG_WARN_DEPRECATED_OBJC_IMPLEMENTATIONS = YES;
				CLANG_WARN_DIRECT_OBJC_ISA_USAGE = YES_ERROR;
				CLANG_WARN_DOCUMENTATION_COMMENTS = YES;
				CLANG_WARN_EMPTY_BODY = YES;
				CLANG_WARN_ENUM_CONVERSION = YES;
				CLANG_WARN_INFINITE_RECURSION = YES;
				CLANG_WARN_INT_CONVERSION = YES;
				CLANG_WARN_NON_LITERAL_NULL_CONVERSION = YES;
				CLANG_WARN_OBJC_IMPLICIT_RETAIN_SELF = YES;
				CLANG_WARN_OBJC_LITERAL_CONVERSION = YES;
				CLANG_WARN_OBJC_ROOT_CLASS = YES_ERROR;
				CLANG_WARN_QUOTED_INCLUDE_IN_FRAMEWORK_HEADER = YES;
				CLANG_WARN_RANGE_LOOP_ANALYSIS = YES;
				CLANG_WARN_STRICT_PROTOTYPES = YES;
				CLANG_WARN_SUSPICIOUS_MOVE = YES;
				CLANG_WARN_UNGUARDED_AVAILABILITY = YES_AGGRESSIVE;
				CLANG_WARN_UNREACHABLE_CODE = YES;
				CLANG_WARN__DUPLICATE_METHOD_MATCH = YES;
				COPY_PHASE_STRIP = NO;
				DEBUG_INFORMATION_FORMAT = dwarf;
				ENABLE_STRICT_OBJC_MSGSEND = YES;
				ENABLE_TESTABILITY = YES;
				GCC_C_LANGUAGE_STANDARD = gnu11;
				GCC_DYNAMIC_NO_PIC = NO;
				GCC_NO_COMMON_BLOCKS = YES;
				GCC_OPTIMIZATION_LEVEL = 0;
				GCC_PREPROCESSOR_DEFINITIONS = (
					"DEBUG=1",
					"$(inherited)",
				);
				GCC_WARN_64_TO_32_BIT_CONVERSION = YES;
				GCC_WARN_ABOUT_RETURN_TYPE = YES_ERROR;
				GCC_WARN_UNDECLARED_SELECTOR = YES;
				GCC_WARN_UNINITIALIZED_AUTOS = YES_AGGRESSIVE;
				GCC_WARN_UNUSED_FUNCTION = YES;
				GCC_WARN_UNUSED_VARIABLE = YES;
				IPHONEOS_DEPLOYMENT_TARGET = 16.0;
				MTL_ENABLE_DEBUG_INFO = INCLUDE_SOURCE;
				MTL_FAST_MATH = YES;
				ONLY_ACTIVE_ARCH = YES;
				SDKROOT = iphoneos;
				SWIFT_ACTIVE_COMPILATION_CONDITIONS = DEBUG;
				SWIFT_OPTIMIZATION_LEVEL = "-Onone";
			};
			name = Debug;
		};
		5D1009662A0918AA00C2C544 /* Release */ = {
			isa = XCBuildConfiguration;
			buildSettings = {
				ALWAYS_SEARCH_USER_PATHS = NO;
				CLANG_ANALYZER_NONNULL = YES;
				CLANG_ANALYZER_NUMBER_OBJECT_CONVERSION = YES_AGGRESSIVE;
				CLANG_CXX_LANGUAGE_STANDARD = "gnu++20";
				CLANG_ENABLE_MODULES = YES;
				CLANG_ENABLE_OBJC_ARC = YES;
				CLANG_ENABLE_OBJC_WEAK = YES;
				CLANG_WARN_BLOCK_CAPTURE_AUTORELEASING = YES;
				CLANG_WARN_BOOL_CONVERSION = YES;
				CLANG_WARN_COMMA = YES;
				CLANG_WARN_CONSTANT_CONVERSION = YES;
				CLANG_WARN_DEPRECATED_OBJC_IMPLEMENTATIONS = YES;
				CLANG_WARN_DIRECT_OBJC_ISA_USAGE = YES_ERROR;
				CLANG_WARN_DOCUMENTATION_COMMENTS = YES;
				CLANG_WARN_EMPTY_BODY = YES;
				CLANG_WARN_ENUM_CONVERSION = YES;
				CLANG_WARN_INFINITE_RECURSION = YES;
				CLANG_WARN_INT_CONVERSION = YES;
				CLANG_WARN_NON_LITERAL_NULL_CONVERSION = YES;
				CLANG_WARN_OBJC_IMPLICIT_RETAIN_SELF = YES;
				CLANG_WARN_OBJC_LITERAL_CONVERSION = YES;
				CLANG_WARN_OBJC_ROOT_CLASS = YES_ERROR;
				CLANG_WARN_QUOTED_INCLUDE_IN_FRAMEWORK_HEADER = YES;
				CLANG_WARN_RANGE_LOOP_ANALYSIS = YES;
				CLANG_WARN_STRICT_PROTOTYPES = YES;
				CLANG_WARN_SUSPICIOUS_MOVE = YES;
				CLANG_WARN_UNGUARDED_AVAILABILITY = YES_AGGRESSIVE;
				CLANG_WARN_UNREACHABLE_CODE = YES;
				CLANG_WARN__DUPLICATE_METHOD_MATCH = YES;
				COPY_PHASE_STRIP = NO;
				DEBUG_INFORMATION_FORMAT = "dwarf-with-dsym";
				ENABLE_NS_ASSERTIONS = NO;
				ENABLE_STRICT_OBJC_MSGSEND = YES;
				GCC_C_LANGUAGE_STANDARD = gnu11;
				GCC_NO_COMMON_BLOCKS = YES;
				GCC_WARN_64_TO_32_BIT_CONVERSION = YES;
				GCC_WARN_ABOUT_RETURN_TYPE = YES_ERROR;
				GCC_WARN_UNDECLARED_SELECTOR = YES;
				GCC_WARN_UNINITIALIZED_AUTOS = YES_AGGRESSIVE;
				GCC_WARN_UNUSED_FUNCTION = YES;
				GCC_WARN_UNUSED_VARIABLE = YES;
				IPHONEOS_DEPLOYMENT_TARGET = 16.0;
				MTL_ENABLE_DEBUG_INFO = NO;
				MTL_FAST_MATH = YES;
				SDKROOT = iphoneos;
				SWIFT_COMPILATION_MODE = wholemodule;
				SWIFT_OPTIMIZATION_LEVEL = "-O";
				VALIDATE_PRODUCT = YES;
			};
			name = Release;
		};
		5D1009682A0918AA00C2C544 /* Debug */ = {
			isa = XCBuildConfiguration;
			buildSettings = {
				ASSETCATALOG_COMPILER_APPICON_NAME = AppIcon;
				ASSETCATALOG_COMPILER_GLOBAL_ACCENT_COLOR_NAME = AccentColor;
				CODE_SIGN_STYLE = Automatic;
				CURRENT_PROJECT_VERSION = 1;
				DEVELOPMENT_ASSET_PATHS = "\"MeetPeapleSample/Preview Content\"";
				DEVELOPMENT_TEAM = XP8M87ULF2;
				ENABLE_PREVIEWS = YES;
				GENERATE_INFOPLIST_FILE = YES;
				INFOPLIST_KEY_NSFaceIDUsageDescription = "プライバシーを守るためにFace IDを使用します";
				INFOPLIST_KEY_UIApplicationSceneManifest_Generation = YES;
				INFOPLIST_KEY_UIApplicationSupportsIndirectInputEvents = YES;
				INFOPLIST_KEY_UILaunchScreen_Generation = YES;
				INFOPLIST_KEY_UISupportedInterfaceOrientations_iPad = "UIInterfaceOrientationPortrait UIInterfaceOrientationPortraitUpsideDown UIInterfaceOrientationLandscapeLeft UIInterfaceOrientationLandscapeRight";
				INFOPLIST_KEY_UISupportedInterfaceOrientations_iPhone = "UIInterfaceOrientationPortrait UIInterfaceOrientationLandscapeLeft UIInterfaceOrientationLandscapeRight";
				LD_RUNPATH_SEARCH_PATHS = (
					"$(inherited)",
					"@executable_path/Frameworks",
				);
				MARKETING_VERSION = 1.0;
				PRODUCT_BUNDLE_IDENTIFIER = com.shohiiiiiii.MeetPeapleSample;
				PRODUCT_NAME = "$(TARGET_NAME)";
				SWIFT_EMIT_LOC_STRINGS = YES;
				SWIFT_VERSION = 5.0;
				TARGETED_DEVICE_FAMILY = "1,2";
			};
			name = Debug;
		};
		5D1009692A0918AA00C2C544 /* Release */ = {
			isa = XCBuildConfiguration;
			buildSettings = {
				ASSETCATALOG_COMPILER_APPICON_NAME = AppIcon;
				ASSETCATALOG_COMPILER_GLOBAL_ACCENT_COLOR_NAME = AccentColor;
				CODE_SIGN_STYLE = Automatic;
				CURRENT_PROJECT_VERSION = 1;
				DEVELOPMENT_ASSET_PATHS = "\"MeetPeapleSample/Preview Content\"";
				DEVELOPMENT_TEAM = XP8M87ULF2;
				ENABLE_PREVIEWS = YES;
				GENERATE_INFOPLIST_FILE = YES;
				INFOPLIST_KEY_NSFaceIDUsageDescription = "プライバシーを守るためにFace IDを使用します";
				INFOPLIST_KEY_UIApplicationSceneManifest_Generation = YES;
				INFOPLIST_KEY_UIApplicationSupportsIndirectInputEvents = YES;
				INFOPLIST_KEY_UILaunchScreen_Generation = YES;
				INFOPLIST_KEY_UISupportedInterfaceOrientations_iPad = "UIInterfaceOrientationPortrait UIInterfaceOrientationPortraitUpsideDown UIInterfaceOrientationLandscapeLeft UIInterfaceOrientationLandscapeRight";
				INFOPLIST_KEY_UISupportedInterfaceOrientations_iPhone = "UIInterfaceOrientationPortrait UIInterfaceOrientationLandscapeLeft UIInterfaceOrientationLandscapeRight";
				LD_RUNPATH_SEARCH_PATHS = (
					"$(inherited)",
					"@executable_path/Frameworks",
				);
				MARKETING_VERSION = 1.0;
				PRODUCT_BUNDLE_IDENTIFIER = com.shohiiiiiii.MeetPeapleSample;
				PRODUCT_NAME = "$(TARGET_NAME)";
				SWIFT_EMIT_LOC_STRINGS = YES;
				SWIFT_VERSION = 5.0;
				TARGETED_DEVICE_FAMILY = "1,2";
			};
			name = Release;
		};
		5D10096B2A0918AA00C2C544 /* Debug */ = {
			isa = XCBuildConfiguration;
			buildSettings = {
				ALWAYS_EMBED_SWIFT_STANDARD_LIBRARIES = YES;
				BUNDLE_LOADER = "$(TEST_HOST)";
				CODE_SIGN_STYLE = Automatic;
				CURRENT_PROJECT_VERSION = 1;
				DEVELOPMENT_TEAM = XP8M87ULF2;
				GENERATE_INFOPLIST_FILE = YES;
				IPHONEOS_DEPLOYMENT_TARGET = 16.0;
				MARKETING_VERSION = 1.0;
				PRODUCT_BUNDLE_IDENTIFIER = com.shohiiiiiii.MeetPeapleSampleTests;
				PRODUCT_NAME = "$(TARGET_NAME)";
				SWIFT_EMIT_LOC_STRINGS = NO;
				SWIFT_VERSION = 5.0;
				TARGETED_DEVICE_FAMILY = "1,2";
				TEST_HOST = "$(BUILT_PRODUCTS_DIR)/MeetPeapleSample.app/$(BUNDLE_EXECUTABLE_FOLDER_PATH)/MeetPeapleSample";
			};
			name = Debug;
		};
		5D10096C2A0918AA00C2C544 /* Release */ = {
			isa = XCBuildConfiguration;
			buildSettings = {
				ALWAYS_EMBED_SWIFT_STANDARD_LIBRARIES = YES;
				BUNDLE_LOADER = "$(TEST_HOST)";
				CODE_SIGN_STYLE = Automatic;
				CURRENT_PROJECT_VERSION = 1;
				DEVELOPMENT_TEAM = XP8M87ULF2;
				GENERATE_INFOPLIST_FILE = YES;
				IPHONEOS_DEPLOYMENT_TARGET = 16.0;
				MARKETING_VERSION = 1.0;
				PRODUCT_BUNDLE_IDENTIFIER = com.shohiiiiiii.MeetPeapleSampleTests;
				PRODUCT_NAME = "$(TARGET_NAME)";
				SWIFT_EMIT_LOC_STRINGS = NO;
				SWIFT_VERSION = 5.0;
				TARGETED_DEVICE_FAMILY = "1,2";
				TEST_HOST = "$(BUILT_PRODUCTS_DIR)/MeetPeapleSample.app/$(BUNDLE_EXECUTABLE_FOLDER_PATH)/MeetPeapleSample";
			};
			name = Release;
		};
		5D10096E2A0918AA00C2C544 /* Debug */ = {
			isa = XCBuildConfiguration;
			buildSettings = {
				ALWAYS_EMBED_SWIFT_STANDARD_LIBRARIES = YES;
				CODE_SIGN_STYLE = Automatic;
				CURRENT_PROJECT_VERSION = 1;
				DEVELOPMENT_TEAM = XP8M87ULF2;
				GENERATE_INFOPLIST_FILE = YES;
				MARKETING_VERSION = 1.0;
				PRODUCT_BUNDLE_IDENTIFIER = com.shohiiiiiii.MeetPeapleSampleUITests;
				PRODUCT_NAME = "$(TARGET_NAME)";
				SWIFT_EMIT_LOC_STRINGS = NO;
				SWIFT_VERSION = 5.0;
				TARGETED_DEVICE_FAMILY = "1,2";
				TEST_TARGET_NAME = MeetPeapleSample;
			};
			name = Debug;
		};
		5D10096F2A0918AA00C2C544 /* Release */ = {
			isa = XCBuildConfiguration;
			buildSettings = {
				ALWAYS_EMBED_SWIFT_STANDARD_LIBRARIES = YES;
				CODE_SIGN_STYLE = Automatic;
				CURRENT_PROJECT_VERSION = 1;
				DEVELOPMENT_TEAM = XP8M87ULF2;
				GENERATE_INFOPLIST_FILE = YES;
				MARKETING_VERSION = 1.0;
				PRODUCT_BUNDLE_IDENTIFIER = com.shohiiiiiii.MeetPeapleSampleUITests;
				PRODUCT_NAME = "$(TARGET_NAME)";
				SWIFT_EMIT_LOC_STRINGS = NO;
				SWIFT_VERSION = 5.0;
				TARGETED_DEVICE_FAMILY = "1,2";
				TEST_TARGET_NAME = MeetPeapleSample;
			};
			name = Release;
		};
/* End XCBuildConfiguration section */

/* Begin XCConfigurationList section */
		5D10093E2A0918A800C2C544 /* Build configuration list for PBXProject "MeetPeapleSample" */ = {
			isa = XCConfigurationList;
			buildConfigurations = (
				5D1009652A0918AA00C2C544 /* Debug */,
				5D1009662A0918AA00C2C544 /* Release */,
			);
			defaultConfigurationIsVisible = 0;
			defaultConfigurationName = Release;
		};
		5D1009672A0918AA00C2C544 /* Build configuration list for PBXNativeTarget "MeetPeapleSample" */ = {
			isa = XCConfigurationList;
			buildConfigurations = (
				5D1009682A0918AA00C2C544 /* Debug */,
				5D1009692A0918AA00C2C544 /* Release */,
			);
			defaultConfigurationIsVisible = 0;
			defaultConfigurationName = Release;
		};
		5D10096A2A0918AA00C2C544 /* Build configuration list for PBXNativeTarget "MeetPeapleSampleTests" */ = {
			isa = XCConfigurationList;
			buildConfigurations = (
				5D10096B2A0918AA00C2C544 /* Debug */,
				5D10096C2A0918AA00C2C544 /* Release */,
			);
			defaultConfigurationIsVisible = 0;
			defaultConfigurationName = Release;
		};
		5D10096D2A0918AA00C2C544 /* Build configuration list for PBXNativeTarget "MeetPeapleSampleUITests" */ = {
			isa = XCConfigurationList;
			buildConfigurations = (
				5D10096E2A0918AA00C2C544 /* Debug */,
				5D10096F2A0918AA00C2C544 /* Release */,
			);
			defaultConfigurationIsVisible = 0;
			defaultConfigurationName = Release;
		};
/* End XCConfigurationList section */

/* Begin XCRemoteSwiftPackageReference section */
		5D2642512AA5F4F000753953 /* XCRemoteSwiftPackageReference "SwiftUI-Shimmer" */ = {
			isa = XCRemoteSwiftPackageReference;
			repositoryURL = "https://github.com/markiv/SwiftUI-Shimmer";
			requirement = {
				kind = upToNextMajorVersion;
				minimumVersion = 1.0.0;
			};
		};
/* End XCRemoteSwiftPackageReference section */

/* Begin XCSwiftPackageProductDependency section */
		5D2642522AA5F4F000753953 /* Shimmer */ = {
			isa = XCSwiftPackageProductDependency;
			package = 5D2642512AA5F4F000753953 /* XCRemoteSwiftPackageReference "SwiftUI-Shimmer" */;
			productName = Shimmer;
		};
/* End XCSwiftPackageProductDependency section */
	};
	rootObject = 5D10093B2A0918A800C2C544 /* Project object */;
}
